// !$*UTF8*$!
{
	archiveVersion = 1;
	classes = {
	};
	objectVersion = 55;
	objects = {

/* Begin PBXBuildFile section */
		BC66A82328BE4C1100E13250 /* AppDelegate.swift in Sources */ = {isa = PBXBuildFile; fileRef = BC66A82228BE4C1100E13250 /* AppDelegate.swift */; };
		BC66A82528BE4C1100E13250 /* SceneDelegate.swift in Sources */ = {isa = PBXBuildFile; fileRef = BC66A82428BE4C1100E13250 /* SceneDelegate.swift */; };
		BC66A82728BE4C1100E13250 /* ViewController.swift in Sources */ = {isa = PBXBuildFile; fileRef = BC66A82628BE4C1100E13250 /* ViewController.swift */; };
		BC66A82C28BE4C1300E13250 /* Assets.xcassets in Resources */ = {isa = PBXBuildFile; fileRef = BC66A82B28BE4C1300E13250 /* Assets.xcassets */; };
		BC66A82F28BE4C1300E13250 /* LaunchScreen.storyboard in Resources */ = {isa = PBXBuildFile; fileRef = BC66A82D28BE4C1300E13250 /* LaunchScreen.storyboard */; };
		BC66A85328BE4F4A00E13250 /* FeedViewController.swift in Sources */ = {isa = PBXBuildFile; fileRef = BC66A85228BE4F4A00E13250 /* FeedViewController.swift */; };
		BC66A85528BE52D500E13250 /* InfoViewController.swift in Sources */ = {isa = PBXBuildFile; fileRef = BC66A85428BE52D500E13250 /* InfoViewController.swift */; };
		BC66A85728BE52EF00E13250 /* PostBarController.swift in Sources */ = {isa = PBXBuildFile; fileRef = BC66A85628BE52EF00E13250 /* PostBarController.swift */; };
		BC66A85928BE52F800E13250 /* PostViewController.swift in Sources */ = {isa = PBXBuildFile; fileRef = BC66A85828BE52F800E13250 /* PostViewController.swift */; };
		BC66A85B28BE530200E13250 /* ProfileViewController.swift in Sources */ = {isa = PBXBuildFile; fileRef = BC66A85A28BE530200E13250 /* ProfileViewController.swift */; };
/* End PBXBuildFile section */

/* Begin PBXContainerItemProxy section */
		BC66A83628BE4C1300E13250 /* PBXContainerItemProxy */ = {
			isa = PBXContainerItemProxy;
			containerPortal = BC66A81728BE4C1100E13250 /* Project object */;
			proxyType = 1;
			remoteGlobalIDString = BC66A81E28BE4C1100E13250;
			remoteInfo = 123;
		};
		BC66A84028BE4C1300E13250 /* PBXContainerItemProxy */ = {
			isa = PBXContainerItemProxy;
			containerPortal = BC66A81728BE4C1100E13250 /* Project object */;
			proxyType = 1;
			remoteGlobalIDString = BC66A81E28BE4C1100E13250;
			remoteInfo = 123;
		};
/* End PBXContainerItemProxy section */

/* Begin PBXFileReference section */
		BC66A81F28BE4C1100E13250 /* 123.app */ = {isa = PBXFileReference; explicitFileType = wrapper.application; includeInIndex = 0; path = 123.app; sourceTree = BUILT_PRODUCTS_DIR; };
		BC66A82228BE4C1100E13250 /* AppDelegate.swift */ = {isa = PBXFileReference; lastKnownFileType = sourcecode.swift; path = AppDelegate.swift; sourceTree = "<group>"; };
		BC66A82428BE4C1100E13250 /* SceneDelegate.swift */ = {isa = PBXFileReference; lastKnownFileType = sourcecode.swift; path = SceneDelegate.swift; sourceTree = "<group>"; };
		BC66A82628BE4C1100E13250 /* ViewController.swift */ = {isa = PBXFileReference; lastKnownFileType = sourcecode.swift; path = ViewController.swift; sourceTree = "<group>"; };
		BC66A82B28BE4C1300E13250 /* Assets.xcassets */ = {isa = PBXFileReference; lastKnownFileType = folder.assetcatalog; path = Assets.xcassets; sourceTree = "<group>"; };
		BC66A82E28BE4C1300E13250 /* Base */ = {isa = PBXFileReference; lastKnownFileType = file.storyboard; name = Base; path = Base.lproj/LaunchScreen.storyboard; sourceTree = "<group>"; };
		BC66A83028BE4C1300E13250 /* Info.plist */ = {isa = PBXFileReference; lastKnownFileType = text.plist.xml; path = Info.plist; sourceTree = "<group>"; };
		BC66A83528BE4C1300E13250 /* 123Tests.xctest */ = {isa = PBXFileReference; explicitFileType = wrapper.cfbundle; includeInIndex = 0; path = 123Tests.xctest; sourceTree = BUILT_PRODUCTS_DIR; };
		BC66A83F28BE4C1300E13250 /* 123UITests.xctest */ = {isa = PBXFileReference; explicitFileType = wrapper.cfbundle; includeInIndex = 0; path = 123UITests.xctest; sourceTree = BUILT_PRODUCTS_DIR; };
		BC66A85228BE4F4A00E13250 /* FeedViewController.swift */ = {isa = PBXFileReference; lastKnownFileType = sourcecode.swift; path = FeedViewController.swift; sourceTree = "<group>"; };
		BC66A85428BE52D500E13250 /* InfoViewController.swift */ = {isa = PBXFileReference; lastKnownFileType = sourcecode.swift; path = InfoViewController.swift; sourceTree = "<group>"; };
		BC66A85628BE52EF00E13250 /* PostBarController.swift */ = {isa = PBXFileReference; lastKnownFileType = sourcecode.swift; path = PostBarController.swift; sourceTree = "<group>"; };
		BC66A85828BE52F800E13250 /* PostViewController.swift */ = {isa = PBXFileReference; lastKnownFileType = sourcecode.swift; path = PostViewController.swift; sourceTree = "<group>"; };
		BC66A85A28BE530200E13250 /* ProfileViewController.swift */ = {isa = PBXFileReference; lastKnownFileType = sourcecode.swift; path = ProfileViewController.swift; sourceTree = "<group>"; };
/* End PBXFileReference section */

/* Begin PBXFrameworksBuildPhase section */
		BC66A81C28BE4C1100E13250 /* Frameworks */ = {
			isa = PBXFrameworksBuildPhase;
			buildActionMask = 2147483647;
			files = (
			);
			runOnlyForDeploymentPostprocessing = 0;
		};
		BC66A83228BE4C1300E13250 /* Frameworks */ = {
			isa = PBXFrameworksBuildPhase;
			buildActionMask = 2147483647;
			files = (
			);
			runOnlyForDeploymentPostprocessing = 0;
		};
		BC66A83C28BE4C1300E13250 /* Frameworks */ = {
			isa = PBXFrameworksBuildPhase;
			buildActionMask = 2147483647;
			files = (
			);
			runOnlyForDeploymentPostprocessing = 0;
		};
/* End PBXFrameworksBuildPhase section */

/* Begin PBXGroup section */
		BC66A81628BE4C1100E13250 = {
			isa = PBXGroup;
			children = (
				BC66A82128BE4C1100E13250 /* 123 */,
				BC66A82028BE4C1100E13250 /* Products */,
			);
			sourceTree = "<group>";
		};
		BC66A82028BE4C1100E13250 /* Products */ = {
			isa = PBXGroup;
			children = (
				BC66A81F28BE4C1100E13250 /* 123.app */,
				BC66A83528BE4C1300E13250 /* 123Tests.xctest */,
				BC66A83F28BE4C1300E13250 /* 123UITests.xctest */,
			);
			name = Products;
			sourceTree = "<group>";
		};
		BC66A82128BE4C1100E13250 /* 123 */ = {
			isa = PBXGroup;
			children = (
				BC66A82228BE4C1100E13250 /* AppDelegate.swift */,
				BC66A82428BE4C1100E13250 /* SceneDelegate.swift */,
				BC66A82628BE4C1100E13250 /* ViewController.swift */,
				BC66A85228BE4F4A00E13250 /* FeedViewController.swift */,
				BC66A85428BE52D500E13250 /* InfoViewController.swift */,
				BC66A85628BE52EF00E13250 /* PostBarController.swift */,
				BC66A85828BE52F800E13250 /* PostViewController.swift */,
				BC66A85A28BE530200E13250 /* ProfileViewController.swift */,
				BC66A82B28BE4C1300E13250 /* Assets.xcassets */,
				BC66A82D28BE4C1300E13250 /* LaunchScreen.storyboard */,
				BC66A83028BE4C1300E13250 /* Info.plist */,
			);
			path = 123;
			sourceTree = "<group>";
		};
/* End PBXGroup section */

/* Begin PBXNativeTarget section */
		BC66A81E28BE4C1100E13250 /* 123 */ = {
			isa = PBXNativeTarget;
			buildConfigurationList = BC66A84928BE4C1300E13250 /* Build configuration list for PBXNativeTarget "123" */;
			buildPhases = (
				BC66A81B28BE4C1100E13250 /* Sources */,
				BC66A81C28BE4C1100E13250 /* Frameworks */,
				BC66A81D28BE4C1100E13250 /* Resources */,
			);
			buildRules = (
			);
			dependencies = (
			);
			name = 123;
			productName = 123;
			productReference = BC66A81F28BE4C1100E13250 /* 123.app */;
			productType = "com.apple.product-type.application";
		};
		BC66A83428BE4C1300E13250 /* 123Tests */ = {
			isa = PBXNativeTarget;
			buildConfigurationList = BC66A84C28BE4C1300E13250 /* Build configuration list for PBXNativeTarget "123Tests" */;
			buildPhases = (
				BC66A83128BE4C1300E13250 /* Sources */,
				BC66A83228BE4C1300E13250 /* Frameworks */,
				BC66A83328BE4C1300E13250 /* Resources */,
			);
			buildRules = (
			);
			dependencies = (
				BC66A83728BE4C1300E13250 /* PBXTargetDependency */,
			);
			name = 123Tests;
			productName = 123Tests;
			productReference = BC66A83528BE4C1300E13250 /* 123Tests.xctest */;
			productType = "com.apple.product-type.bundle.unit-test";
		};
		BC66A83E28BE4C1300E13250 /* 123UITests */ = {
			isa = PBXNativeTarget;
			buildConfigurationList = BC66A84F28BE4C1300E13250 /* Build configuration list for PBXNativeTarget "123UITests" */;
			buildPhases = (
				BC66A83B28BE4C1300E13250 /* Sources */,
				BC66A83C28BE4C1300E13250 /* Frameworks */,
				BC66A83D28BE4C1300E13250 /* Resources */,
			);
			buildRules = (
			);
			dependencies = (
				BC66A84128BE4C1300E13250 /* PBXTargetDependency */,
			);
			name = 123UITests;
			productName = 123UITests;
			productReference = BC66A83F28BE4C1300E13250 /* 123UITests.xctest */;
			productType = "com.apple.product-type.bundle.ui-testing";
		};
/* End PBXNativeTarget section */

/* Begin PBXProject section */
		BC66A81728BE4C1100E13250 /* Project object */ = {
			isa = PBXProject;
			attributes = {
				BuildIndependentTargetsInParallel = 1;
				LastSwiftUpdateCheck = 1340;
				LastUpgradeCheck = 1340;
				TargetAttributes = {
					BC66A81E28BE4C1100E13250 = {
						CreatedOnToolsVersion = 13.4.1;
					};
					BC66A83428BE4C1300E13250 = {
						CreatedOnToolsVersion = 13.4.1;
						TestTargetID = BC66A81E28BE4C1100E13250;
					};
					BC66A83E28BE4C1300E13250 = {
						CreatedOnToolsVersion = 13.4.1;
						TestTargetID = BC66A81E28BE4C1100E13250;
					};
				};
			};
			buildConfigurationList = BC66A81A28BE4C1100E13250 /* Build configuration list for PBXProject "123" */;
			compatibilityVersion = "Xcode 13.0";
			developmentRegion = en;
			hasScannedForEncodings = 0;
			knownRegions = (
				en,
				Base,
			);
			mainGroup = BC66A81628BE4C1100E13250;
			productRefGroup = BC66A82028BE4C1100E13250 /* Products */;
			projectDirPath = "";
			projectRoot = "";
			targets = (
				BC66A81E28BE4C1100E13250 /* 123 */,
				BC66A83428BE4C1300E13250 /* 123Tests */,
				BC66A83E28BE4C1300E13250 /* 123UITests */,
			);
		};
/* End PBXProject section */

/* Begin PBXResourcesBuildPhase section */
		BC66A81D28BE4C1100E13250 /* Resources */ = {
			isa = PBXResourcesBuildPhase;
			buildActionMask = 2147483647;
			files = (
				BC66A82F28BE4C1300E13250 /* LaunchScreen.storyboard in Resources */,
				BC66A82C28BE4C1300E13250 /* Assets.xcassets in Resources */,
			);
			runOnlyForDeploymentPostprocessing = 0;
		};
		BC66A83328BE4C1300E13250 /* Resources */ = {
			isa = PBXResourcesBuildPhase;
			buildActionMask = 2147483647;
			files = (
			);
			runOnlyForDeploymentPostprocessing = 0;
		};
		BC66A83D28BE4C1300E13250 /* Resources */ = {
			isa = PBXResourcesBuildPhase;
			buildActionMask = 2147483647;
			files = (
			);
			runOnlyForDeploymentPostprocessing = 0;
		};
/* End PBXResourcesBuildPhase section */

/* Begin PBXSourcesBuildPhase section */
		BC66A81B28BE4C1100E13250 /* Sources */ = {
			isa = PBXSourcesBuildPhase;
			buildActionMask = 2147483647;
			files = (
				BC66A82728BE4C1100E13250 /* ViewController.swift in Sources */,
				BC66A85728BE52EF00E13250 /* PostBarController.swift in Sources */,
				BC66A85928BE52F800E13250 /* PostViewController.swift in Sources */,
				BC66A82328BE4C1100E13250 /* AppDelegate.swift in Sources */,
				BC66A85328BE4F4A00E13250 /* FeedViewController.swift in Sources */,
				BC66A82528BE4C1100E13250 /* SceneDelegate.swift in Sources */,
				BC66A85B28BE530200E13250 /* ProfileViewController.swift in Sources */,
				BC66A85528BE52D500E13250 /* InfoViewController.swift in Sources */,
			);
			runOnlyForDeploymentPostprocessing = 0;
		};
		BC66A83128BE4C1300E13250 /* Sources */ = {
			isa = PBXSourcesBuildPhase;
			buildActionMask = 2147483647;
			files = (
			);
			runOnlyForDeploymentPostprocessing = 0;
		};
		BC66A83B28BE4C1300E13250 /* Sources */ = {
			isa = PBXSourcesBuildPhase;
			buildActionMask = 2147483647;
			files = (
			);
			runOnlyForDeploymentPostprocessing = 0;
		};
/* End PBXSourcesBuildPhase section */

/* Begin PBXTargetDependency section */
		BC66A83728BE4C1300E13250 /* PBXTargetDependency */ = {
			isa = PBXTargetDependency;
			target = BC66A81E28BE4C1100E13250 /* 123 */;
			targetProxy = BC66A83628BE4C1300E13250 /* PBXContainerItemProxy */;
		};
		BC66A84128BE4C1300E13250 /* PBXTargetDependency */ = {
			isa = PBXTargetDependency;
			target = BC66A81E28BE4C1100E13250 /* 123 */;
			targetProxy = BC66A84028BE4C1300E13250 /* PBXContainerItemProxy */;
		};
/* End PBXTargetDependency section */

/* Begin PBXVariantGroup section */
		BC66A82D28BE4C1300E13250 /* LaunchScreen.storyboard */ = {
			isa = PBXVariantGroup;
			children = (
				BC66A82E28BE4C1300E13250 /* Base */,
			);
			name = LaunchScreen.storyboard;
			sourceTree = "<group>";
		};
/* End PBXVariantGroup section */

/* Begin XCBuildConfiguration section */
		BC66A84728BE4C1300E13250 /* Debug */ = {
			isa = XCBuildConfiguration;
			buildSettings = {
				ALWAYS_SEARCH_USER_PATHS = NO;
				CLANG_ANALYZER_NONNULL = YES;
				CLANG_ANALYZER_NUMBER_OBJECT_CONVERSION = YES_AGGRESSIVE;
				CLANG_CXX_LANGUAGE_STANDARD = "gnu++17";
				CLANG_ENABLE_MODULES = YES;
				CLANG_ENABLE_OBJC_ARC = YES;
				CLANG_ENABLE_OBJC_WEAK = YES;
				CLANG_WARN_BLOCK_CAPTURE_AUTORELEASING = YES;
				CLANG_WARN_BOOL_CONVERSION = YES;
				CLANG_WARN_COMMA = YES;
				CLANG_WARN_CONSTANT_CONVERSION = YES;
				CLANG_WARN_DEPRECATED_OBJC_IMPLEMENTATIONS = YES;
				CLANG_WARN_DIRECT_OBJC_ISA_USAGE = YES_ERROR;
				CLANG_WARN_DOCUMENTATION_COMMENTS = YES;
				CLANG_WARN_EMPTY_BODY = YES;
				CLANG_WARN_ENUM_CONVERSION = YES;
				CLANG_WARN_INFINITE_RECURSION = YES;
				CLANG_WARN_INT_CONVERSION = YES;
				CLANG_WARN_NON_LITERAL_NULL_CONVERSION = YES;
				CLANG_WARN_OBJC_IMPLICIT_RETAIN_SELF = YES;
				CLANG_WARN_OBJC_LITERAL_CONVERSION = YES;
				CLANG_WARN_OBJC_ROOT_CLASS = YES_ERROR;
				CLANG_WARN_QUOTED_INCLUDE_IN_FRAMEWORK_HEADER = YES;
				CLANG_WARN_RANGE_LOOP_ANALYSIS = YES;
				CLANG_WARN_STRICT_PROTOTYPES = YES;
				CLANG_WARN_SUSPICIOUS_MOVE = YES;
				CLANG_WARN_UNGUARDED_AVAILABILITY = YES_AGGRESSIVE;
				CLANG_WARN_UNREACHABLE_CODE = YES;
				CLANG_WARN__DUPLICATE_METHOD_MATCH = YES;
				COPY_PHASE_STRIP = NO;
				DEBUG_INFORMATION_FORMAT = dwarf;
				ENABLE_STRICT_OBJC_MSGSEND = YES;
				ENABLE_TESTABILITY = YES;
				GCC_C_LANGUAGE_STANDARD = gnu11;
				GCC_DYNAMIC_NO_PIC = NO;
				GCC_NO_COMMON_BLOCKS = YES;
				GCC_OPTIMIZATION_LEVEL = 0;
				GCC_PREPROCESSOR_DEFINITIONS = (
					"DEBUG=1",
					"$(inherited)",
				);
				GCC_WARN_64_TO_32_BIT_CONVERSION = YES;
				GCC_WARN_ABOUT_RETURN_TYPE = YES_ERROR;
				GCC_WARN_UNDECLARED_SELECTOR = YES;
				GCC_WARN_UNINITIALIZED_AUTOS = YES_AGGRESSIVE;
				GCC_WARN_UNUSED_FUNCTION = YES;
				GCC_WARN_UNUSED_VARIABLE = YES;
				IPHONEOS_DEPLOYMENT_TARGET = 15.5;
				MTL_ENABLE_DEBUG_INFO = INCLUDE_SOURCE;
				MTL_FAST_MATH = YES;
				ONLY_ACTIVE_ARCH = YES;
				SDKROOT = iphoneos;
				SWIFT_ACTIVE_COMPILATION_CONDITIONS = DEBUG;
				SWIFT_OPTIMIZATION_LEVEL = "-Onone";
			};
			name = Debug;
		};
		BC66A84828BE4C1300E13250 /* Release */ = {
			isa = XCBuildConfiguration;
			buildSettings = {
				ALWAYS_SEARCH_USER_PATHS = NO;
				CLANG_ANALYZER_NONNULL = YES;
				CLANG_ANALYZER_NUMBER_OBJECT_CONVERSION = YES_AGGRESSIVE;
				CLANG_CXX_LANGUAGE_STANDARD = "gnu++17";
				CLANG_ENABLE_MODULES = YES;
				CLANG_ENABLE_OBJC_ARC = YES;
				CLANG_ENABLE_OBJC_WEAK = YES;
				CLANG_WARN_BLOCK_CAPTURE_AUTORELEASING = YES;
				CLANG_WARN_BOOL_CONVERSION = YES;
				CLANG_WARN_COMMA = YES;
				CLANG_WARN_CONSTANT_CONVERSION = YES;
				CLANG_WARN_DEPRECATED_OBJC_IMPLEMENTATIONS = YES;
				CLANG_WARN_DIRECT_OBJC_ISA_USAGE = YES_ERROR;
				CLANG_WARN_DOCUMENTATION_COMMENTS = YES;
				CLANG_WARN_EMPTY_BODY = YES;
				CLANG_WARN_ENUM_CONVERSION = YES;
				CLANG_WARN_INFINITE_RECURSION = YES;
				CLANG_WARN_INT_CONVERSION = YES;
				CLANG_WARN_NON_LITERAL_NULL_CONVERSION = YES;
				CLANG_WARN_OBJC_IMPLICIT_RETAIN_SELF = YES;
				CLANG_WARN_OBJC_LITERAL_CONVERSION = YES;
				CLANG_WARN_OBJC_ROOT_CLASS = YES_ERROR;
				CLANG_WARN_QUOTED_INCLUDE_IN_FRAMEWORK_HEADER = YES;
				CLANG_WARN_RANGE_LOOP_ANALYSIS = YES;
				CLANG_WARN_STRICT_PROTOTYPES = YES;
				CLANG_WARN_SUSPICIOUS_MOVE = YES;
				CLANG_WARN_UNGUARDED_AVAILABILITY = YES_AGGRESSIVE;
				CLANG_WARN_UNREACHABLE_CODE = YES;
				CLANG_WARN__DUPLICATE_METHOD_MATCH = YES;
				COPY_PHASE_STRIP = NO;
				DEBUG_INFORMATION_FORMAT = "dwarf-with-dsym";
				ENABLE_NS_ASSERTIONS = NO;
				ENABLE_STRICT_OBJC_MSGSEND = YES;
				GCC_C_LANGUAGE_STANDARD = gnu11;
				GCC_NO_COMMON_BLOCKS = YES;
				GCC_WARN_64_TO_32_BIT_CONVERSION = YES;
				GCC_WARN_ABOUT_RETURN_TYPE = YES_ERROR;
				GCC_WARN_UNDECLARED_SELECTOR = YES;
				GCC_WARN_UNINITIALIZED_AUTOS = YES_AGGRESSIVE;
				GCC_WARN_UNUSED_FUNCTION = YES;
				GCC_WARN_UNUSED_VARIABLE = YES;
				IPHONEOS_DEPLOYMENT_TARGET = 15.5;
				MTL_ENABLE_DEBUG_INFO = NO;
				MTL_FAST_MATH = YES;
				SDKROOT = iphoneos;
				SWIFT_COMPILATION_MODE = wholemodule;
				SWIFT_OPTIMIZATION_LEVEL = "-O";
				VALIDATE_PRODUCT = YES;
			};
			name = Release;
		};
		BC66A84A28BE4C1300E13250 /* Debug */ = {
			isa = XCBuildConfiguration;
			buildSettings = {
				ASSETCATALOG_COMPILER_APPICON_NAME = AppIcon;
				ASSETCATALOG_COMPILER_GLOBAL_ACCENT_COLOR_NAME = AccentColor;
				CODE_SIGN_STYLE = Automatic;
				CURRENT_PROJECT_VERSION = 1;
				DEVELOPMENT_TEAM = X5WGN6BU5T;
				GENERATE_INFOPLIST_FILE = YES;
				INFOPLIST_FILE = 123/Info.plist;
				INFOPLIST_KEY_UIApplicationSupportsIndirectInputEvents = YES;
				INFOPLIST_KEY_UILaunchStoryboardName = LaunchScreen;
				INFOPLIST_KEY_UISupportedInterfaceOrientations_iPad = "UIInterfaceOrientationPortrait UIInterfaceOrientationPortraitUpsideDown UIInterfaceOrientationLandscapeLeft UIInterfaceOrientationLandscapeRight";
				INFOPLIST_KEY_UISupportedInterfaceOrientations_iPhone = "UIInterfaceOrientationPortrait UIInterfaceOrientationLandscapeLeft UIInterfaceOrientationLandscapeRight";
				LD_RUNPATH_SEARCH_PATHS = (
					"$(inherited)",
					"@executable_path/Frameworks",
				);
				MARKETING_VERSION = 1.0;
				PRODUCT_BUNDLE_IDENTIFIER = "Navigation.-23";
				PRODUCT_NAME = "$(TARGET_NAME)";
				SWIFT_EMIT_LOC_STRINGS = YES;
				SWIFT_VERSION = 5.0;
				TARGETED_DEVICE_FAMILY = "1,2";
			};
			name = Debug;
		};
		BC66A84B28BE4C1300E13250 /* Release */ = {
			isa = XCBuildConfiguration;
			buildSettings = {
				ASSETCATALOG_COMPILER_APPICON_NAME = AppIcon;
				ASSETCATALOG_COMPILER_GLOBAL_ACCENT_COLOR_NAME = AccentColor;
				CODE_SIGN_STYLE = Automatic;
				CURRENT_PROJECT_VERSION = 1;
				DEVELOPMENT_TEAM = X5WGN6BU5T;
				GENERATE_INFOPLIST_FILE = YES;
				INFOPLIST_FILE = 123/Info.plist;
				INFOPLIST_KEY_UIApplicationSupportsIndirectInputEvents = YES;
				INFOPLIST_KEY_UILaunchStoryboardName = LaunchScreen;
				INFOPLIST_KEY_UISupportedInterfaceOrientations_iPad = "UIInterfaceOrientationPortrait UIInterfaceOrientationPortraitUpsideDown UIInterfaceOrientationLandscapeLeft UIInterfaceOrientationLandscapeRight";
				INFOPLIST_KEY_UISupportedInterfaceOrientations_iPhone = "UIInterfaceOrientationPortrait UIInterfaceOrientationLandscapeLeft UIInterfaceOrientationLandscapeRight";
				LD_RUNPATH_SEARCH_PATHS = (
					"$(inherited)",
					"@executable_path/Frameworks",
				);
				MARKETING_VERSION = 1.0;
				PRODUCT_BUNDLE_IDENTIFIER = "Navigation.-23";
				PRODUCT_NAME = "$(TARGET_NAME)";
				SWIFT_EMIT_LOC_STRINGS = YES;
				SWIFT_VERSION = 5.0;
				TARGETED_DEVICE_FAMILY = "1,2";
			};
			name = Release;
		};
		BC66A84D28BE4C1300E13250 /* Debug */ = {
			isa = XCBuildConfiguration;
			buildSettings = {
				ALWAYS_EMBED_SWIFT_STANDARD_LIBRARIES = YES;
				BUNDLE_LOADER = "$(TEST_HOST)";
				CODE_SIGN_STYLE = Automatic;
				CURRENT_PROJECT_VERSION = 1;
				DEVELOPMENT_TEAM = X5WGN6BU5T;
				GENERATE_INFOPLIST_FILE = YES;
				IPHONEOS_DEPLOYMENT_TARGET = 15.5;
				MARKETING_VERSION = 1.0;
				PRODUCT_BUNDLE_IDENTIFIER = "Navigation.-23Tests";
				PRODUCT_NAME = "$(TARGET_NAME)";
				SWIFT_EMIT_LOC_STRINGS = NO;
				SWIFT_VERSION = 5.0;
				TARGETED_DEVICE_FAMILY = "1,2";
				TEST_HOST = "$(BUILT_PRODUCTS_DIR)/123.app/123";
			};
			name = Debug;
		};
		BC66A84E28BE4C1300E13250 /* Release */ = {
			isa = XCBuildConfiguration;
			buildSettings = {
				ALWAYS_EMBED_SWIFT_STANDARD_LIBRARIES = YES;
				BUNDLE_LOADER = "$(TEST_HOST)";
				CODE_SIGN_STYLE = Automatic;
				CURRENT_PROJECT_VERSION = 1;
				DEVELOPMENT_TEAM = X5WGN6BU5T;
				GENERATE_INFOPLIST_FILE = YES;
				IPHONEOS_DEPLOYMENT_TARGET = 15.5;
				MARKETING_VERSION = 1.0;
				PRODUCT_BUNDLE_IDENTIFIER = "Navigation.-23Tests";
				PRODUCT_NAME = "$(TARGET_NAME)";
				SWIFT_EMIT_LOC_STRINGS = NO;
				SWIFT_VERSION = 5.0;
				TARGETED_DEVICE_FAMILY = "1,2";
				TEST_HOST = "$(BUILT_PRODUCTS_DIR)/123.app/123";
			};
			name = Release;
		};
		BC66A85028BE4C1300E13250 /* Debug */ = {
			isa = XCBuildConfiguration;
			buildSettings = {
				ALWAYS_EMBED_SWIFT_STANDARD_LIBRARIES = YES;
				CODE_SIGN_STYLE = Automatic;
				CURRENT_PROJECT_VERSION = 1;
				DEVELOPMENT_TEAM = X5WGN6BU5T;
				GENERATE_INFOPLIST_FILE = YES;
				MARKETING_VERSION = 1.0;
				PRODUCT_BUNDLE_IDENTIFIER = "Navigation.-23UITests";
				PRODUCT_NAME = "$(TARGET_NAME)";
				SWIFT_EMIT_LOC_STRINGS = NO;
				SWIFT_VERSION = 5.0;
				TARGETED_DEVICE_FAMILY = "1,2";
				TEST_TARGET_NAME = 123;
			};
			name = Debug;
		};
		BC66A85128BE4C1300E13250 /* Release */ = {
			isa = XCBuildConfiguration;
			buildSettings = {
				ALWAYS_EMBED_SWIFT_STANDARD_LIBRARIES = YES;
				CODE_SIGN_STYLE = Automatic;
				CURRENT_PROJECT_VERSION = 1;
				DEVELOPMENT_TEAM = X5WGN6BU5T;
				GENERATE_INFOPLIST_FILE = YES;
				MARKETING_VERSION = 1.0;
				PRODUCT_BUNDLE_IDENTIFIER = "Navigation.-23UITests";
				PRODUCT_NAME = "$(TARGET_NAME)";
				SWIFT_EMIT_LOC_STRINGS = NO;
				SWIFT_VERSION = 5.0;
				TARGETED_DEVICE_FAMILY = "1,2";
				TEST_TARGET_NAME = 123;
			};
			name = Release;
		};
/* End XCBuildConfiguration section */

/* Begin XCConfigurationList section */
		BC66A81A28BE4C1100E13250 /* Build configuration list for PBXProject "123" */ = {
			isa = XCConfigurationList;
			buildConfigurations = (
				BC66A84728BE4C1300E13250 /* Debug */,
				BC66A84828BE4C1300E13250 /* Release */,
			);
			defaultConfigurationIsVisible = 0;
			defaultConfigurationName = Release;
		};
		BC66A84928BE4C1300E13250 /* Build configuration list for PBXNativeTarget "123" */ = {
			isa = XCConfigurationList;
			buildConfigurations = (
				BC66A84A28BE4C1300E13250 /* Debug */,
				BC66A84B28BE4C1300E13250 /* Release */,
			);
			defaultConfigurationIsVisible = 0;
			defaultConfigurationName = Release;
		};
		BC66A84C28BE4C1300E13250 /* Build configuration list for PBXNativeTarget "123Tests" */ = {
			isa = XCConfigurationList;
			buildConfigurations = (
				BC66A84D28BE4C1300E13250 /* Debug */,
				BC66A84E28BE4C1300E13250 /* Release */,
			);
			defaultConfigurationIsVisible = 0;
			defaultConfigurationName = Release;
		};
		BC66A84F28BE4C1300E13250 /* Build configuration list for PBXNativeTarget "123UITests" */ = {
			isa = XCConfigurationList;
			buildConfigurations = (
				BC66A85028BE4C1300E13250 /* Debug */,
				BC66A85128BE4C1300E13250 /* Release */,
			);
			defaultConfigurationIsVisible = 0;
			defaultConfigurationName = Release;
		};
/* End XCConfigurationList section */
	};
	rootObject = BC66A81728BE4C1100E13250 /* Project object */;
}
